
Microsoft Visual Studio Solution File, Format Version 12.00
# Visual Studio Version 17
VisualStudioVersion = 17.8.34601.278
MinimumVisualStudioVersion = 10.0.40219.1
Project("{FAE04EC0-301F-11D3-BF4B-00C04F79EFBC}") = "ClubInterface", "ClubInterface\ClubInterface.csproj", "{C380E0F6-B6A2-4F74-8E0B-BB0157129B6D}"
EndProject
Global
	GlobalSection(SolutionConfigurationPlatforms) = preSolution
		Debug|Any CPU = Debug|Any CPU
		Release|Any CPU = Release|Any CPU
	EndGlobalSection
	GlobalSection(ProjectConfigurationPlatforms) = postSolution
		{C380E0F6-B6A2-4F74-8E0B-BB0157129B6D}.Debug|Any CPU.ActiveCfg = Debug|Any CPU
		{C380E0F6-B6A2-4F74-8E0B-BB0157129B6D}.Debug|Any CPU.Build.0 = Debug|Any CPU
		{C380E0F6-B6A2-4F74-8E0B-BB0157129B6D}.Release|Any CPU.ActiveCfg = Release|Any CPU
		{C380E0F6-B6A2-4F74-8E0B-BB0157129B6D}.Release|Any CPU.Build.0 = Release|Any CPU
	EndGlobalSection
	GlobalSection(SolutionProperties) = preSolution
		HideSolutionNode = FALSE
	EndGlobalSection
	GlobalSection(ExtensibilityGlobals) = postSolution
		SolutionGuid = {DBF356C0-5E8C-4C35-9868-FBF499CBBA33}
	EndGlobalSection
EndGlobal
